Microsoft Visual Studio Solution File, Format Version 9.00
# Visual Studio 2005
Project("{8BC9CEB8-8B4A-11D0-8D11-00A0C91BC942}") = "WidgetLoadFile", "WidgetLoadFile\WidgetLoadFile.vcproj", "{FBFF503D-4F42-4275-B5CC-43258F70150C}"
	ProjectSection(ProjectDependencies) = postProject
		{53A1E37B-966B-41B8-946F-1DB045BFF362} = {53A1E37B-966B-41B8-946F-1DB045BFF362}
	EndProjectSection
EndProject
Project("{8BC9CEB8-8B4A-11D0-8D11-00A0C91BC942}") = "WidgetSaveFile", "WidgetSaveFile\WidgetSaveFile.vcproj", "{EE6BEFF9-A9C3-4636-B074-3C47EEA3955E}"
	ProjectSection(ProjectDependencies) = postProject
		{53A1E37B-966B-41B8-946F-1DB045BFF362} = {53A1E37B-966B-41B8-946F-1DB045BFF362}
	EndProjectSection
EndProject
Project("{8BC9CEB8-8B4A-11D0-8D11-00A0C91BC942}") = "WidgetMessageBox", "WidgetMessageBox\WidgetMessageBox.vcproj", "{4193E620-1986-4DDC-B28A-444200A8D166}"
	ProjectSection(ProjectDependencies) = postProject
		{53A1E37B-966B-41B8-946F-1DB045BFF362} = {53A1E37B-966B-41B8-946F-1DB045BFF362}
	EndProjectSection
EndProject
Project("{8BC9CEB8-8B4A-11D0-8D11-00A0C91BC942}") = "WidgetWindow", "WidgetWindow\WidgetWindow.vcproj", "{0429EE4B-F877-41B9-A4F1-FCD8B88173D8}"
	ProjectSection(ProjectDependencies) = postProject
		{53A1E37B-966B-41B8-946F-1DB045BFF362} = {53A1E37B-966B-41B8-946F-1DB045BFF362}
	EndProjectSection
EndProject
Project("{8BC9CEB8-8B4A-11D0-8D11-00A0C91BC942}") = "WidgetTextBox", "WidgetTextBox\WidgetTextBox.vcproj", "{F151A7D8-7222-47D6-8158-EF0A3EB95A6B}"
	ProjectSection(ProjectDependencies) = postProject
		{53A1E37B-966B-41B8-946F-1DB045BFF362} = {53A1E37B-966B-41B8-946F-1DB045BFF362}
	EndProjectSection
EndProject
Project("{8BC9CEB8-8B4A-11D0-8D11-00A0C91BC942}") = "WidgetComboBox", "WidgetComboBox\WidgetComboBox.vcproj", "{CE16DE02-BFB1-4D2D-86AE-7CDA20583FA8}"
	ProjectSection(ProjectDependencies) = postProject
		{53A1E37B-966B-41B8-946F-1DB045BFF362} = {53A1E37B-966B-41B8-946F-1DB045BFF362}
	EndProjectSection
EndProject
Project("{8BC9CEB8-8B4A-11D0-8D11-00A0C91BC942}") = "WidgetButton", "WidgetButton\WidgetButton.vcproj", "{172CA8E8-BB8C-418B-8FF7-D7B77657DB2E}"
	ProjectSection(ProjectDependencies) = postProject
		{53A1E37B-966B-41B8-946F-1DB045BFF362} = {53A1E37B-966B-41B8-946F-1DB045BFF362}
	EndProjectSection
EndProject
Project("{8BC9CEB8-8B4A-11D0-8D11-00A0C91BC942}") = "WidgetCheckBox", "WidgetCheckBox\WidgetCheckBox.vcproj", "{E4FF1928-973C-44E8-927A-76453DEEDB07}"
	ProjectSection(ProjectDependencies) = postProject
		{53A1E37B-966B-41B8-946F-1DB045BFF362} = {53A1E37B-966B-41B8-946F-1DB045BFF362}
	EndProjectSection
EndProject
Project("{8BC9CEB8-8B4A-11D0-8D11-00A0C91BC942}") = "WidgetList", "WidgetList\WidgetList.vcproj", "{ABCC1BB0-583E-42A8-BDBB-4B9013352696}"
	ProjectSection(ProjectDependencies) = postProject
		{53A1E37B-966B-41B8-946F-1DB045BFF362} = {53A1E37B-966B-41B8-946F-1DB045BFF362}
	EndProjectSection
EndProject
Project("{8BC9CEB8-8B4A-11D0-8D11-00A0C91BC942}") = "WidgetMenu", "WidgetMenu\WidgetMenu.vcproj", "{318FF26D-2076-4C3E-9B80-AA4804873991}"
	ProjectSection(ProjectDependencies) = postProject
		{53A1E37B-966B-41B8-946F-1DB045BFF362} = {53A1E37B-966B-41B8-946F-1DB045BFF362}
	EndProjectSection
EndProject
Project("{8BC9CEB8-8B4A-11D0-8D11-00A0C91BC942}") = "WidgetRichTextBox", "WidgetRichTextBox\WidgetRichTextBox.vcproj", "{A3A9D059-116C-41F8-95AD-322A7D108D8E}"
	ProjectSection(ProjectDependencies) = postProject
		{53A1E37B-966B-41B8-946F-1DB045BFF362} = {53A1E37B-966B-41B8-946F-1DB045BFF362}
	EndProjectSection
EndProject
Project("{8BC9CEB8-8B4A-11D0-8D11-00A0C91BC942}") = "WidgetSplitter", "WidgetSplitter\WidgetSplitter.vcproj", "{F726334E-822C-414B-96C3-FC2867180DAA}"
	ProjectSection(ProjectDependencies) = postProject
		{53A1E37B-966B-41B8-946F-1DB045BFF362} = {53A1E37B-966B-41B8-946F-1DB045BFF362}
	EndProjectSection
EndProject
Project("{8BC9CEB8-8B4A-11D0-8D11-00A0C91BC942}") = "WidgetStatic", "WidgetStatic\WidgetStatic.vcproj", "{D41DA8DC-79F1-451F-A374-393D73F7B590}"
	ProjectSection(ProjectDependencies) = postProject
		{53A1E37B-966B-41B8-946F-1DB045BFF362} = {53A1E37B-966B-41B8-946F-1DB045BFF362}
	EndProjectSection
EndProject
Project("{8BC9CEB8-8B4A-11D0-8D11-00A0C91BC942}") = "WidgetStatusBar", "WidgetStatusBar\WidgetStatusBar.vcproj", "{565CA7FA-B7AE-46E3-95BC-3C24FEEA2430}"
	ProjectSection(ProjectDependencies) = postProject
		{53A1E37B-966B-41B8-946F-1DB045BFF362} = {53A1E37B-966B-41B8-946F-1DB045BFF362}
	EndProjectSection
EndProject
Project("{8BC9CEB8-8B4A-11D0-8D11-00A0C91BC942}") = "WidgetToolbar", "WidgetToolbar\WidgetToolbar.vcproj", "{42C38B12-C2EC-42F5-A26D-B422E6C67738}"
	ProjectSection(ProjectDependencies) = postProject
		{53A1E37B-966B-41B8-946F-1DB045BFF362} = {53A1E37B-966B-41B8-946F-1DB045BFF362}
	EndProjectSection
EndProject
Project("{8BC9CEB8-8B4A-11D0-8D11-00A0C91BC942}") = "WidgetTreeView", "WidgetTreeView\WidgetTreeView.vcproj", "{09930E32-E519-4F02-B608-991D0BD3F96F}"
	ProjectSection(ProjectDependencies) = postProject
		{53A1E37B-966B-41B8-946F-1DB045BFF362} = {53A1E37B-966B-41B8-946F-1DB045BFF362}
	EndProjectSection
EndProject
Project("{8BC9CEB8-8B4A-11D0-8D11-00A0C91BC942}") = "WidgetWindowSubclassed", "WidgetWindowSubclassed\WidgetWindowSubclassed.vcproj", "{D7C17CE9-7293-4D3A-B05E-D87218EB31D8}"
	ProjectSection(ProjectDependencies) = postProject
		{53A1E37B-966B-41B8-946F-1DB045BFF362} = {53A1E37B-966B-41B8-946F-1DB045BFF362}
	EndProjectSection
EndProject
Project("{8BC9CEB8-8B4A-11D0-8D11-00A0C91BC942}") = "Calculator", "Calculator\Calculator.vcproj", "{BF27DC26-B4E1-40C0-B241-F2B346BFF0D4}"
	ProjectSection(ProjectDependencies) = postProject
		{53A1E37B-966B-41B8-946F-1DB045BFF362} = {53A1E37B-966B-41B8-946F-1DB045BFF362}
	EndProjectSection
EndProject
Project("{8BC9CEB8-8B4A-11D0-8D11-00A0C91BC942}") = "TicTacToe", "TicTacToe\TicTacToe.vcproj", "{5949C393-0A40-438F-93C0-2FE322BEE42D}"
	ProjectSection(ProjectDependencies) = postProject
		{53A1E37B-966B-41B8-946F-1DB045BFF362} = {53A1E37B-966B-41B8-946F-1DB045BFF362}
	EndProjectSection
EndProject
Project("{8BC9CEB8-8B4A-11D0-8D11-00A0C91BC942}") = "NotePad", "NotePad\NotePad.vcproj", "{41DFE43F-B7D1-4619-A931-A2514C09BA5E}"
	ProjectSection(ProjectDependencies) = postProject
		{53A1E37B-966B-41B8-946F-1DB045BFF362} = {53A1E37B-966B-41B8-946F-1DB045BFF362}
	EndProjectSection
EndProject
Project("{8BC9CEB8-8B4A-11D0-8D11-00A0C91BC942}") = "WidgetButtonTriggerHappy", "WidgetButtonTriggerHappy\WidgetButtonTriggerHappy.vcproj", "{5558F722-2149-4252-BBA2-9EE3E9A5BE36}"
	ProjectSection(ProjectDependencies) = postProject
		{53A1E37B-966B-41B8-946F-1DB045BFF362} = {53A1E37B-966B-41B8-946F-1DB045BFF362}
	EndProjectSection
EndProject
Project("{8BC9CEB8-8B4A-11D0-8D11-00A0C91BC942}") = "TimerTest", "TimerTest\TimerTest.vcproj", "{23B5B7C0-3633-4648-B8E2-C61A1C4500B5}"
	ProjectSection(ProjectDependencies) = postProject
		{53A1E37B-966B-41B8-946F-1DB045BFF362} = {53A1E37B-966B-41B8-946F-1DB045BFF362}
	EndProjectSection
EndProject
Project("{8BC9CEB8-8B4A-11D0-8D11-00A0C91BC942}") = "WidgetRadioButtonGroup", "WidgetRadioButtonGroup\WidgetRadioButtonGroup.vcproj", "{C784BF4A-ED4E-4F39-A310-EF41AA83CA97}"
	ProjectSection(ProjectDependencies) = postProject
		{53A1E37B-966B-41B8-946F-1DB045BFF362} = {53A1E37B-966B-41B8-946F-1DB045BFF362}
	EndProjectSection
EndProject
Project("{8BC9CEB8-8B4A-11D0-8D11-00A0C91BC942}") = "WidgetDateTimePicker", "WidgetDateTimePicker\WidgetDateTimePicker.vcproj", "{DC3AE30D-F189-4973-915D-395CFCFB001B}"
	ProjectSection(ProjectDependencies) = postProject
		{53A1E37B-966B-41B8-946F-1DB045BFF362} = {53A1E37B-966B-41B8-946F-1DB045BFF362}
	EndProjectSection
EndProject
Project("{8BC9CEB8-8B4A-11D0-8D11-00A0C91BC942}") = "WidgetSlider", "WidgetSlider\WidgetSlider.vcproj", "{21F7A84A-296C-4105-A131-2A7024BC57A2}"
	ProjectSection(ProjectDependencies) = postProject
		{53A1E37B-966B-41B8-946F-1DB045BFF362} = {53A1E37B-966B-41B8-946F-1DB045BFF362}
	EndProjectSection
EndProject
Project("{8BC9CEB8-8B4A-11D0-8D11-00A0C91BC942}") = "WidgetSpinner", "WidgetSpinner\WidgetSpinner.vcproj", "{8D46278A-C50E-459F-8C0A-C8312F379852}"
	ProjectSection(ProjectDependencies) = postProject
		{53A1E37B-966B-41B8-946F-1DB045BFF362} = {53A1E37B-966B-41B8-946F-1DB045BFF362}
	EndProjectSection
EndProject
Project("{8BC9CEB8-8B4A-11D0-8D11-00A0C91BC942}") = "WidgetMDIWindow", "WidgetMDIWindow\WidgetMDIWindow.vcproj", "{D5E5E937-3059-4846-B7BF-AAAF344D0FFF}"
	ProjectSection(ProjectDependencies) = postProject
		{53A1E37B-966B-41B8-946F-1DB045BFF362} = {53A1E37B-966B-41B8-946F-1DB045BFF362}
	EndProjectSection
EndProject
Project("{8BC9CEB8-8B4A-11D0-8D11-00A0C91BC942}") = "WidgetFun", "WidgetFun\WidgetFun.vcproj", "{B2D45664-4E0F-444B-B806-7AA5B1E8132A}"
	ProjectSection(ProjectDependencies) = postProject
		{53A1E37B-966B-41B8-946F-1DB045BFF362} = {53A1E37B-966B-41B8-946F-1DB045BFF362}
	EndProjectSection
EndProject
Project("{8BC9CEB8-8B4A-11D0-8D11-00A0C91BC942}") = "FreeDialogTester", "FreeDialogTester\FreeDialogTester.vcproj", "{014AD06E-00D4-4639-A445-61697E40DCCC}"
EndProject
Project("{8BC9CEB8-8B4A-11D0-8D11-00A0C91BC942}") = "Threads", "Threads\Threads.vcproj", "{6C692772-3013-4BC7-9F27-976837659553}"
	ProjectSection(ProjectDependencies) = postProject
		{53A1E37B-966B-41B8-946F-1DB045BFF362} = {53A1E37B-966B-41B8-946F-1DB045BFF362}
	EndProjectSection
EndProject
Project("{8BC9CEB8-8B4A-11D0-8D11-00A0C91BC942}") = "WidgetTabControl", "WidgetTabControl\WidgetTabControl.vcproj", "{EE3766CF-110A-4801-947C-6433C7C8A35E}"
	ProjectSection(ProjectDependencies) = postProject
		{53A1E37B-966B-41B8-946F-1DB045BFF362} = {53A1E37B-966B-41B8-946F-1DB045BFF362}
	EndProjectSection
EndProject
Project("{8BC9CEB8-8B4A-11D0-8D11-00A0C91BC942}") = "Canvas", "Canvas\Canvas.vcproj", "{8CD7CA2B-A429-4DD4-AD49-49F614D2C469}"
	ProjectSection(ProjectDependencies) = postProject
		{53A1E37B-966B-41B8-946F-1DB045BFF362} = {53A1E37B-966B-41B8-946F-1DB045BFF362}
	EndProjectSection
EndProject
Project("{8BC9CEB8-8B4A-11D0-8D11-00A0C91BC942}") = "CustomWidget", "CustomWidget\CustomWidget.vcproj", "{B8141779-8283-4FA6-ADCA-EA5D24A4EB70}"
	ProjectSection(ProjectDependencies) = postProject
		{53A1E37B-966B-41B8-946F-1DB045BFF362} = {53A1E37B-966B-41B8-946F-1DB045BFF362}
	EndProjectSection
EndProject
Project("{8BC9CEB8-8B4A-11D0-8D11-00A0C91BC942}") = "WidgetModalDialog", "WidgetModalDialog\WidgetModalDialog.vcproj", "{881B0D42-27A3-43C2-989F-7FA2B3121EF6}"
	ProjectSection(ProjectDependencies) = postProject
		{53A1E37B-966B-41B8-946F-1DB045BFF362} = {53A1E37B-966B-41B8-946F-1DB045BFF362}
	EndProjectSection
EndProject
Project("{8BC9CEB8-8B4A-11D0-8D11-00A0C91BC942}") = "AddressBook", "AddressBook\AddressBook.vcproj", "{4162B3DD-1834-41B9-939E-F6195A875578}"
	ProjectSection(ProjectDependencies) = postProject
		{53A1E37B-966B-41B8-946F-1DB045BFF362} = {53A1E37B-966B-41B8-946F-1DB045BFF362}
	EndProjectSection
EndProject
Project("{8BC9CEB8-8B4A-11D0-8D11-00A0C91BC942}") = "HelloSmartWin", "HelloSmartWin\HelloSmartWin.vcproj", "{F530B4B9-9776-4130-8CFD-B06F1F7D814C}"
	ProjectSection(ProjectDependencies) = postProject
		{53A1E37B-966B-41B8-946F-1DB045BFF362} = {53A1E37B-966B-41B8-946F-1DB045BFF362}
	EndProjectSection
EndProject
Project("{8BC9CEB8-8B4A-11D0-8D11-00A0C91BC942}") = "iolib", "iolib\iolib.vcproj", "{C52017E1-F355-4507-B463-A10778574ADB}"
	ProjectSection(ProjectDependencies) = postProject
		{53A1E37B-966B-41B8-946F-1DB045BFF362} = {53A1E37B-966B-41B8-946F-1DB045BFF362}
	EndProjectSection
EndProject
Project("{8BC9CEB8-8B4A-11D0-8D11-00A0C91BC942}") = "sw_mdi", "sw_mdi\sw_mdi.vcproj", "{3FD06460-C646-4F9D-8214-EA14C2BA1A3C}"
	ProjectSection(ProjectDependencies) = postProject
		{53A1E37B-966B-41B8-946F-1DB045BFF362} = {53A1E37B-966B-41B8-946F-1DB045BFF362}
	EndProjectSection
EndProject
Project("{8BC9CEB8-8B4A-11D0-8D11-00A0C91BC942}") = "WidgetProgressBar", "WidgetProgressBar\WidgetProgressBar.vcproj", "{8A411E44-CC2A-4FBC-B77C-FBC8E066A5C8}"
	ProjectSection(ProjectDependencies) = postProject
		{53A1E37B-966B-41B8-946F-1DB045BFF362} = {53A1E37B-966B-41B8-946F-1DB045BFF362}
	EndProjectSection
EndProject
Project("{8BC9CEB8-8B4A-11D0-8D11-00A0C91BC942}") = "HelloSmartWinWorld", "HelloSmartWinWorld\HelloSmartWinWorld.vcproj", "{D5FFE060-F3B5-4A7C-B0E6-FE2B309CBADC}"
	ProjectSection(ProjectDependencies) = postProject
		{53A1E37B-966B-41B8-946F-1DB045BFF362} = {53A1E37B-966B-41B8-946F-1DB045BFF362}
	EndProjectSection
EndProject
Project("{8BC9CEB8-8B4A-11D0-8D11-00A0C91BC942}") = "SmartWin", "..\SmartWin.vcproj", "{53A1E37B-966B-41B8-946F-1DB045BFF362}"
EndProject
Project("{8BC9CEB8-8B4A-11D0-8D11-00A0C91BC942}") = "SampleWidgets", "SampleWidgets\SampleWidgets.vcproj", "{6C692772-3013-4BC7-9F27-976837659554}"
	ProjectSection(ProjectDependencies) = postProject
		{53A1E37B-966B-41B8-946F-1DB045BFF362} = {53A1E37B-966B-41B8-946F-1DB045BFF362}
	EndProjectSection
EndProject
Project("{8BC9CEB8-8B4A-11D0-8D11-00A0C91BC942}") = "WidgetInherited", "WidgetInherited\WidgetInherited.vcproj", "{318FF26D-2076-4C3E-9B80-AA4804873990}"
	ProjectSection(ProjectDependencies) = postProject
		{53A1E37B-966B-41B8-946F-1DB045BFF362} = {53A1E37B-966B-41B8-946F-1DB045BFF362}
	EndProjectSection
EndProject
Project("{8BC9CEB8-8B4A-11D0-8D11-00A0C91BC942}") = "WidgetGraph", "WidgetGraph\WidgetGraph.vcproj", "{8322DB74-73F3-4001-8A07-E64702E7FB7E}"
	ProjectSection(ProjectDependencies) = postProject
		{53A1E37B-966B-41B8-946F-1DB045BFF362} = {53A1E37B-966B-41B8-946F-1DB045BFF362}
	EndProjectSection
EndProject
Project("{8BC9CEB8-8B4A-11D0-8D11-00A0C91BC942}") = "swDll", "swDll\swDll.vcproj", "{D8DDD4E5-C498-4750-8E1B-F2B3D95858A6}"
	ProjectSection(ProjectDependencies) = postProject
		{53A1E37B-966B-41B8-946F-1DB045BFF362} = {53A1E37B-966B-41B8-946F-1DB045BFF362}
	EndProjectSection
EndProject
Project("{8BC9CEB8-8B4A-11D0-8D11-00A0C91BC942}") = "swDllMain", "swDll\swDllMain.vcproj", "{128282C2-0D42-46A8-A32C-2EAC0068E554}"
	ProjectSection(ProjectDependencies) = postProject
		{D8DDD4E5-C498-4750-8E1B-F2B3D95858A6} = {D8DDD4E5-C498-4750-8E1B-F2B3D95858A6}
	EndProjectSection
EndProject
Project("{8BC9CEB8-8B4A-11D0-8D11-00A0C91BC942}") = "WidgetChildWindow", "WidgetChildWindow\WidgetChildWindow.vcproj", "{63D3CDB5-FF88-4AE8-ACE3-E80F72EE7B75}"
EndProject
Project("{8BC9CEB8-8B4A-11D0-8D11-00A0C91BC942}") = "OpenGLSample1", "OpenGLSample1\OpenGLSample1.vcproj", "{EB35EE48-8CF4-4B45-8EB7-1B46A2105FB7}"
EndProject
Project("{8BC9CEB8-8B4A-11D0-8D11-00A0C91BC942}") = "SmartSOAP", "..\SmartSOAP\SmartSOAP\SmartSOAP.vcproj", "{7D382D08-D9DD-4A2B-9DAE-1DF86D11CEC3}"
EndProject
Project("{8BC9CEB8-8B4A-11D0-8D11-00A0C91BC942}") = "SmartSOAPTester1", "..\SmartSOAP\Tester1\Tester1.vcproj", "{1DA096C6-8AA6-426F-B99E-B334F4DE5E8C}"
	ProjectSection(ProjectDependencies) = postProject
		{7D382D08-D9DD-4A2B-9DAE-1DF86D11CEC3} = {7D382D08-D9DD-4A2B-9DAE-1DF86D11CEC3}
	EndProjectSection
EndProject
Project("{E24C65DC-7377-472B-9ABA-BC803B73C61A}") = "Tester1Endpoint", "http://localhost/Tester1Endpoint/Tester1Endpoint.csproj", "{23EFE810-FF52-4E6E-AFAA-2C0AA6E66941}"
EndProject
Project("{8BC9CEB8-8B4A-11D0-8D11-00A0C91BC942}") = "SmartSOAPGoogleAPITester", "SmartSOAPGoogleAPITester\SmartSOAPGoogleAPITester.vcproj", "{69AD6BC8-9A9F-4384-B08D-0297E625A733}"
	ProjectSection(ProjectDependencies) = postProject
		{7D382D08-D9DD-4A2B-9DAE-1DF86D11CEC3} = {7D382D08-D9DD-4A2B-9DAE-1DF86D11CEC3}
		{53A1E37B-966B-41B8-946F-1DB045BFF362} = {53A1E37B-966B-41B8-946F-1DB045BFF362}
	EndProjectSection
EndProject
Project("{8BC9CEB8-8B4A-11D0-8D11-00A0C91BC942}") = "BoostSignals", "BoostSignals\BoostSignals.vcproj", "{AF7444A4-F95D-4933-AF59-A5D1C0015C74}"
EndProject
Project("{8BC9CEB8-8B4A-11D0-8D11-00A0C91BC942}") = "SmartSOAPWsdlParser", "SmartSOAPWsdlParser\SmartSOAPWsdlParser.vcproj", "{6ACD4F68-541B-4C41-BD95-0D5DB25C09BE}"
	ProjectSection(ProjectDependencies) = postProject
		{7D382D08-D9DD-4A2B-9DAE-1DF86D11CEC3} = {7D382D08-D9DD-4A2B-9DAE-1DF86D11CEC3}
		{53A1E37B-966B-41B8-946F-1DB045BFF362} = {53A1E37B-966B-41B8-946F-1DB045BFF362}
	EndProjectSection
EndProject
Project("{8BC9CEB8-8B4A-11D0-8D11-00A0C91BC942}") = "SmartSOAPWsdlParserTester", "SmartSOAPWsdlParserTester\SmartSOAPWsdlParserTester.vcproj", "{85B25795-C378-4193-BE88-23868CA4704E}"
	ProjectSection(ProjectDependencies) = postProject
		{7D382D08-D9DD-4A2B-9DAE-1DF86D11CEC3} = {7D382D08-D9DD-4A2B-9DAE-1DF86D11CEC3}
	EndProjectSection
EndProject
Project("{2150E333-8FDC-42A3-9474-1A3956D46DE8}") = "Solution Items", "Solution Items", "{84E560AD-A501-4658-B658-E28C72E0444C}"
	ProjectSection(SolutionItems) = preProject
		..\makeSetup.bat = ..\makeSetup.bat
		..\makeSetup.build = ..\makeSetup.build
	EndProjectSection
EndProject
Global
	GlobalSection(SolutionConfigurationPlatforms) = preSolution
		Debug|Win32 = Debug|Win32
		DebugHeap|Win32 = DebugHeap|Win32
		DebugUnicode|Win32 = DebugUnicode|Win32
		DebugUnicodeThreads|Win32 = DebugUnicodeThreads|Win32
		Release|Win32 = Release|Win32
		ReleaseUnicode|Win32 = ReleaseUnicode|Win32
	EndGlobalSection
	GlobalSection(ProjectConfigurationPlatforms) = postSolution
		{FBFF503D-4F42-4275-B5CC-43258F70150C}.Debug|Win32.ActiveCfg = Debug|Win32
		{FBFF503D-4F42-4275-B5CC-43258F70150C}.DebugHeap|Win32.ActiveCfg = DebugUnicode|Win32
		{FBFF503D-4F42-4275-B5CC-43258F70150C}.DebugUnicode|Win32.ActiveCfg = DebugUnicode|Win32
		{FBFF503D-4F42-4275-B5CC-43258F70150C}.DebugUnicodeThreads|Win32.ActiveCfg = DebugUnicode|Win32
		{FBFF503D-4F42-4275-B5CC-43258F70150C}.Release|Win32.ActiveCfg = Release|Win32
		{FBFF503D-4F42-4275-B5CC-43258F70150C}.ReleaseUnicode|Win32.ActiveCfg = ReleaseUnicode|Win32
		{EE6BEFF9-A9C3-4636-B074-3C47EEA3955E}.Debug|Win32.ActiveCfg = Debug|Win32
		{EE6BEFF9-A9C3-4636-B074-3C47EEA3955E}.DebugHeap|Win32.ActiveCfg = DebugUnicode|Win32
		{EE6BEFF9-A9C3-4636-B074-3C47EEA3955E}.DebugUnicode|Win32.ActiveCfg = DebugUnicode|Win32
		{EE6BEFF9-A9C3-4636-B074-3C47EEA3955E}.DebugUnicodeThreads|Win32.ActiveCfg = DebugUnicode|Win32
		{EE6BEFF9-A9C3-4636-B074-3C47EEA3955E}.Release|Win32.ActiveCfg = Release|Win32
		{EE6BEFF9-A9C3-4636-B074-3C47EEA3955E}.ReleaseUnicode|Win32.ActiveCfg = ReleaseUnicode|Win32
		{4193E620-1986-4DDC-B28A-444200A8D166}.Debug|Win32.ActiveCfg = Debug|Win32
		{4193E620-1986-4DDC-B28A-444200A8D166}.DebugHeap|Win32.ActiveCfg = DebugUnicode|Win32
		{4193E620-1986-4DDC-B28A-444200A8D166}.DebugUnicode|Win32.ActiveCfg = DebugUnicode|Win32
		{4193E620-1986-4DDC-B28A-444200A8D166}.DebugUnicodeThreads|Win32.ActiveCfg = DebugUnicode|Win32
		{4193E620-1986-4DDC-B28A-444200A8D166}.Release|Win32.ActiveCfg = Release|Win32
		{4193E620-1986-4DDC-B28A-444200A8D166}.ReleaseUnicode|Win32.ActiveCfg = ReleaseUnicode|Win32
		{0429EE4B-F877-41B9-A4F1-FCD8B88173D8}.Debug|Win32.ActiveCfg = Debug|Win32
		{0429EE4B-F877-41B9-A4F1-FCD8B88173D8}.DebugHeap|Win32.ActiveCfg = DebugUnicode|Win32
		{0429EE4B-F877-41B9-A4F1-FCD8B88173D8}.DebugUnicode|Win32.ActiveCfg = DebugUnicode|Win32
		{0429EE4B-F877-41B9-A4F1-FCD8B88173D8}.DebugUnicodeThreads|Win32.ActiveCfg = DebugUnicode|Win32
		{0429EE4B-F877-41B9-A4F1-FCD8B88173D8}.Release|Win32.ActiveCfg = Release|Win32
		{0429EE4B-F877-41B9-A4F1-FCD8B88173D8}.ReleaseUnicode|Win32.ActiveCfg = ReleaseUnicode|Win32
		{F151A7D8-7222-47D6-8158-EF0A3EB95A6B}.Debug|Win32.ActiveCfg = Debug|Win32
		{F151A7D8-7222-47D6-8158-EF0A3EB95A6B}.DebugHeap|Win32.ActiveCfg = DebugUnicode|Win32
		{F151A7D8-7222-47D6-8158-EF0A3EB95A6B}.DebugUnicode|Win32.ActiveCfg = DebugUnicode|Win32
		{F151A7D8-7222-47D6-8158-EF0A3EB95A6B}.DebugUnicodeThreads|Win32.ActiveCfg = DebugUnicode|Win32
		{F151A7D8-7222-47D6-8158-EF0A3EB95A6B}.Release|Win32.ActiveCfg = Release|Win32
		{F151A7D8-7222-47D6-8158-EF0A3EB95A6B}.ReleaseUnicode|Win32.ActiveCfg = ReleaseUnicode|Win32
		{CE16DE02-BFB1-4D2D-86AE-7CDA20583FA8}.Debug|Win32.ActiveCfg = Debug|Win32
		{CE16DE02-BFB1-4D2D-86AE-7CDA20583FA8}.DebugHeap|Win32.ActiveCfg = DebugUnicode|Win32
		{CE16DE02-BFB1-4D2D-86AE-7CDA20583FA8}.DebugUnicode|Win32.ActiveCfg = DebugUnicode|Win32
		{CE16DE02-BFB1-4D2D-86AE-7CDA20583FA8}.DebugUnicodeThreads|Win32.ActiveCfg = DebugUnicode|Win32
		{CE16DE02-BFB1-4D2D-86AE-7CDA20583FA8}.Release|Win32.ActiveCfg = Release|Win32
		{CE16DE02-BFB1-4D2D-86AE-7CDA20583FA8}.ReleaseUnicode|Win32.ActiveCfg = ReleaseUnicode|Win32
		{172CA8E8-BB8C-418B-8FF7-D7B77657DB2E}.Debug|Win32.ActiveCfg = Debug|Win32
		{172CA8E8-BB8C-418B-8FF7-D7B77657DB2E}.DebugHeap|Win32.ActiveCfg = DebugUnicode|Win32
		{172CA8E8-BB8C-418B-8FF7-D7B77657DB2E}.DebugUnicode|Win32.ActiveCfg = DebugUnicode|Win32
		{172CA8E8-BB8C-418B-8FF7-D7B77657DB2E}.DebugUnicodeThreads|Win32.ActiveCfg = DebugUnicode|Win32
		{172CA8E8-BB8C-418B-8FF7-D7B77657DB2E}.Release|Win32.ActiveCfg = Release|Win32
		{172CA8E8-BB8C-418B-8FF7-D7B77657DB2E}.Release|Win32.Build.0 = Release|Win32
		{172CA8E8-BB8C-418B-8FF7-D7B77657DB2E}.ReleaseUnicode|Win32.ActiveCfg = ReleaseUnicode|Win32
		{172CA8E8-BB8C-418B-8FF7-D7B77657DB2E}.ReleaseUnicode|Win32.Build.0 = ReleaseUnicode|Win32
		{E4FF1928-973C-44E8-927A-76453DEEDB07}.Debug|Win32.ActiveCfg = Debug|Win32
		{E4FF1928-973C-44E8-927A-76453DEEDB07}.DebugHeap|Win32.ActiveCfg = DebugUnicode|Win32
		{E4FF1928-973C-44E8-927A-76453DEEDB07}.DebugUnicode|Win32.ActiveCfg = DebugUnicode|Win32
		{E4FF1928-973C-44E8-927A-76453DEEDB07}.DebugUnicodeThreads|Win32.ActiveCfg = DebugUnicode|Win32
		{E4FF1928-973C-44E8-927A-76453DEEDB07}.Release|Win32.ActiveCfg = Release|Win32
		{E4FF1928-973C-44E8-927A-76453DEEDB07}.ReleaseUnicode|Win32.ActiveCfg = ReleaseUnicode|Win32
		{ABCC1BB0-583E-42A8-BDBB-4B9013352696}.Debug|Win32.ActiveCfg = Debug|Win32
		{ABCC1BB0-583E-42A8-BDBB-4B9013352696}.DebugHeap|Win32.ActiveCfg = DebugUnicode|Win32
		{ABCC1BB0-583E-42A8-BDBB-4B9013352696}.DebugUnicode|Win32.ActiveCfg = DebugUnicode|Win32
		{ABCC1BB0-583E-42A8-BDBB-4B9013352696}.DebugUnicodeThreads|Win32.ActiveCfg = DebugUnicode|Win32
		{ABCC1BB0-583E-42A8-BDBB-4B9013352696}.Release|Win32.ActiveCfg = Release|Win32
		{ABCC1BB0-583E-42A8-BDBB-4B9013352696}.ReleaseUnicode|Win32.ActiveCfg = ReleaseUnicode|Win32
		{318FF26D-2076-4C3E-9B80-AA4804873991}.Debug|Win32.ActiveCfg = Debug|Win32
		{318FF26D-2076-4C3E-9B80-AA4804873991}.DebugHeap|Win32.ActiveCfg = DebugUnicode|Win32
		{318FF26D-2076-4C3E-9B80-AA4804873991}.DebugUnicode|Win32.ActiveCfg = DebugUnicode|Win32
		{318FF26D-2076-4C3E-9B80-AA4804873991}.DebugUnicodeThreads|Win32.ActiveCfg = DebugUnicode|Win32
		{318FF26D-2076-4C3E-9B80-AA4804873991}.Release|Win32.ActiveCfg = Release|Win32
		{318FF26D-2076-4C3E-9B80-AA4804873991}.ReleaseUnicode|Win32.ActiveCfg = ReleaseUnicode|Win32
		{A3A9D059-116C-41F8-95AD-322A7D108D8E}.Debug|Win32.ActiveCfg = Debug|Win32
		{A3A9D059-116C-41F8-95AD-322A7D108D8E}.DebugHeap|Win32.ActiveCfg = DebugUnicode|Win32
		{A3A9D059-116C-41F8-95AD-322A7D108D8E}.DebugUnicode|Win32.ActiveCfg = DebugUnicode|Win32
		{A3A9D059-116C-41F8-95AD-322A7D108D8E}.DebugUnicodeThreads|Win32.ActiveCfg = DebugUnicode|Win32
		{A3A9D059-116C-41F8-95AD-322A7D108D8E}.Release|Win32.ActiveCfg = Release|Win32
		{A3A9D059-116C-41F8-95AD-322A7D108D8E}.ReleaseUnicode|Win32.ActiveCfg = ReleaseUnicode|Win32
		{F726334E-822C-414B-96C3-FC2867180DAA}.Debug|Win32.ActiveCfg = Debug|Win32
		{F726334E-822C-414B-96C3-FC2867180DAA}.DebugHeap|Win32.ActiveCfg = DebugUnicode|Win32
		{F726334E-822C-414B-96C3-FC2867180DAA}.DebugUnicode|Win32.ActiveCfg = DebugUnicode|Win32
		{F726334E-822C-414B-96C3-FC2867180DAA}.DebugUnicodeThreads|Win32.ActiveCfg = DebugUnicode|Win32
		{F726334E-822C-414B-96C3-FC2867180DAA}.Release|Win32.ActiveCfg = Release|Win32
		{F726334E-822C-414B-96C3-FC2867180DAA}.ReleaseUnicode|Win32.ActiveCfg = ReleaseUnicode|Win32
		{D41DA8DC-79F1-451F-A374-393D73F7B590}.Debug|Win32.ActiveCfg = Debug|Win32
		{D41DA8DC-79F1-451F-A374-393D73F7B590}.DebugHeap|Win32.ActiveCfg = DebugUnicode|Win32
		{D41DA8DC-79F1-451F-A374-393D73F7B590}.DebugUnicode|Win32.ActiveCfg = DebugUnicode|Win32
		{D41DA8DC-79F1-451F-A374-393D73F7B590}.DebugUnicodeThreads|Win32.ActiveCfg = DebugUnicode|Win32
		{D41DA8DC-79F1-451F-A374-393D73F7B590}.Release|Win32.ActiveCfg = Release|Win32
		{D41DA8DC-79F1-451F-A374-393D73F7B590}.ReleaseUnicode|Win32.ActiveCfg = ReleaseUnicode|Win32
		{565CA7FA-B7AE-46E3-95BC-3C24FEEA2430}.Debug|Win32.ActiveCfg = Debug|Win32
		{565CA7FA-B7AE-46E3-95BC-3C24FEEA2430}.DebugHeap|Win32.ActiveCfg = DebugUnicode|Win32
		{565CA7FA-B7AE-46E3-95BC-3C24FEEA2430}.DebugUnicode|Win32.ActiveCfg = DebugUnicode|Win32
		{565CA7FA-B7AE-46E3-95BC-3C24FEEA2430}.DebugUnicodeThreads|Win32.ActiveCfg = DebugUnicode|Win32
		{565CA7FA-B7AE-46E3-95BC-3C24FEEA2430}.Release|Win32.ActiveCfg = Release|Win32
		{565CA7FA-B7AE-46E3-95BC-3C24FEEA2430}.ReleaseUnicode|Win32.ActiveCfg = ReleaseUnicode|Win32
		{42C38B12-C2EC-42F5-A26D-B422E6C67738}.Debug|Win32.ActiveCfg = Debug|Win32
		{42C38B12-C2EC-42F5-A26D-B422E6C67738}.DebugHeap|Win32.ActiveCfg = DebugUnicode|Win32
		{42C38B12-C2EC-42F5-A26D-B422E6C67738}.DebugUnicode|Win32.ActiveCfg = DebugUnicode|Win32
		{42C38B12-C2EC-42F5-A26D-B422E6C67738}.DebugUnicodeThreads|Win32.ActiveCfg = DebugUnicode|Win32
		{42C38B12-C2EC-42F5-A26D-B422E6C67738}.Release|Win32.ActiveCfg = Release|Win32
		{42C38B12-C2EC-42F5-A26D-B422E6C67738}.ReleaseUnicode|Win32.ActiveCfg = ReleaseUnicode|Win32
		{09930E32-E519-4F02-B608-991D0BD3F96F}.Debug|Win32.ActiveCfg = Debug|Win32
		{09930E32-E519-4F02-B608-991D0BD3F96F}.DebugHeap|Win32.ActiveCfg = DebugUnicode|Win32
		{09930E32-E519-4F02-B608-991D0BD3F96F}.DebugUnicode|Win32.ActiveCfg = DebugUnicode|Win32
		{09930E32-E519-4F02-B608-991D0BD3F96F}.DebugUnicodeThreads|Win32.ActiveCfg = DebugUnicode|Win32
		{09930E32-E519-4F02-B608-991D0BD3F96F}.Release|Win32.ActiveCfg = Release|Win32
		{09930E32-E519-4F02-B608-991D0BD3F96F}.ReleaseUnicode|Win32.ActiveCfg = ReleaseUnicode|Win32
		{D7C17CE9-7293-4D3A-B05E-D87218EB31D8}.Debug|Win32.ActiveCfg = Debug|Win32
		{D7C17CE9-7293-4D3A-B05E-D87218EB31D8}.Debug|Win32.Build.0 = Debug|Win32
		{D7C17CE9-7293-4D3A-B05E-D87218EB31D8}.DebugHeap|Win32.ActiveCfg = DebugUnicode|Win32
		{D7C17CE9-7293-4D3A-B05E-D87218EB31D8}.DebugUnicode|Win32.ActiveCfg = DebugUnicode|Win32
		{D7C17CE9-7293-4D3A-B05E-D87218EB31D8}.DebugUnicodeThreads|Win32.ActiveCfg = DebugUnicode|Win32
		{D7C17CE9-7293-4D3A-B05E-D87218EB31D8}.Release|Win32.ActiveCfg = Release|Win32
		{D7C17CE9-7293-4D3A-B05E-D87218EB31D8}.ReleaseUnicode|Win32.ActiveCfg = ReleaseUnicode|Win32
		{BF27DC26-B4E1-40C0-B241-F2B346BFF0D4}.Debug|Win32.ActiveCfg = Debug|Win32
		{BF27DC26-B4E1-40C0-B241-F2B346BFF0D4}.DebugHeap|Win32.ActiveCfg = DebugUnicodeThreads|Win32
		{BF27DC26-B4E1-40C0-B241-F2B346BFF0D4}.DebugUnicode|Win32.ActiveCfg = DebugUnicode|Win32
		{BF27DC26-B4E1-40C0-B241-F2B346BFF0D4}.DebugUnicodeThreads|Win32.ActiveCfg = DebugUnicodeThreads|Win32
		{BF27DC26-B4E1-40C0-B241-F2B346BFF0D4}.Release|Win32.ActiveCfg = Release|Win32
		{BF27DC26-B4E1-40C0-B241-F2B346BFF0D4}.ReleaseUnicode|Win32.ActiveCfg = ReleaseUnicode|Win32
		{5949C393-0A40-438F-93C0-2FE322BEE42D}.Debug|Win32.ActiveCfg = Debug|Win32
		{5949C393-0A40-438F-93C0-2FE322BEE42D}.DebugHeap|Win32.ActiveCfg = DebugUnicode|Win32
		{5949C393-0A40-438F-93C0-2FE322BEE42D}.DebugUnicode|Win32.ActiveCfg = DebugUnicode|Win32
		{5949C393-0A40-438F-93C0-2FE322BEE42D}.DebugUnicodeThreads|Win32.ActiveCfg = DebugUnicode|Win32
		{5949C393-0A40-438F-93C0-2FE322BEE42D}.Release|Win32.ActiveCfg = Release|Win32
		{5949C393-0A40-438F-93C0-2FE322BEE42D}.ReleaseUnicode|Win32.ActiveCfg = ReleaseUnicode|Win32
		{41DFE43F-B7D1-4619-A931-A2514C09BA5E}.Debug|Win32.ActiveCfg = Debug|Win32
		{41DFE43F-B7D1-4619-A931-A2514C09BA5E}.DebugHeap|Win32.ActiveCfg = DebugUnicode|Win32
		{41DFE43F-B7D1-4619-A931-A2514C09BA5E}.DebugUnicode|Win32.ActiveCfg = DebugUnicode|Win32
		{41DFE43F-B7D1-4619-A931-A2514C09BA5E}.DebugUnicodeThreads|Win32.ActiveCfg = DebugUnicode|Win32
		{41DFE43F-B7D1-4619-A931-A2514C09BA5E}.Release|Win32.ActiveCfg = Release|Win32
		{41DFE43F-B7D1-4619-A931-A2514C09BA5E}.ReleaseUnicode|Win32.ActiveCfg = ReleaseUnicode|Win32
		{5558F722-2149-4252-BBA2-9EE3E9A5BE36}.Debug|Win32.ActiveCfg = Debug|Win32
		{5558F722-2149-4252-BBA2-9EE3E9A5BE36}.DebugHeap|Win32.ActiveCfg = DebugUnicode|Win32
		{5558F722-2149-4252-BBA2-9EE3E9A5BE36}.DebugUnicode|Win32.ActiveCfg = DebugUnicode|Win32
		{5558F722-2149-4252-BBA2-9EE3E9A5BE36}.DebugUnicodeThreads|Win32.ActiveCfg = DebugUnicode|Win32
		{5558F722-2149-4252-BBA2-9EE3E9A5BE36}.Release|Win32.ActiveCfg = Release|Win32
		{5558F722-2149-4252-BBA2-9EE3E9A5BE36}.ReleaseUnicode|Win32.ActiveCfg = ReleaseUnicode|Win32
		{23B5B7C0-3633-4648-B8E2-C61A1C4500B5}.Debug|Win32.ActiveCfg = Debug|Win32
		{23B5B7C0-3633-4648-B8E2-C61A1C4500B5}.DebugHeap|Win32.ActiveCfg = DebugUnicode|Win32
		{23B5B7C0-3633-4648-B8E2-C61A1C4500B5}.DebugUnicode|Win32.ActiveCfg = DebugUnicode|Win32
		{23B5B7C0-3633-4648-B8E2-C61A1C4500B5}.DebugUnicodeThreads|Win32.ActiveCfg = DebugUnicode|Win32
		{23B5B7C0-3633-4648-B8E2-C61A1C4500B5}.Release|Win32.ActiveCfg = Release|Win32
		{23B5B7C0-3633-4648-B8E2-C61A1C4500B5}.ReleaseUnicode|Win32.ActiveCfg = ReleaseUnicode|Win32
		{C784BF4A-ED4E-4F39-A310-EF41AA83CA97}.Debug|Win32.ActiveCfg = Debug|Win32
		{C784BF4A-ED4E-4F39-A310-EF41AA83CA97}.DebugHeap|Win32.ActiveCfg = DebugUnicode|Win32
		{C784BF4A-ED4E-4F39-A310-EF41AA83CA97}.DebugUnicode|Win32.ActiveCfg = DebugUnicode|Win32
		{C784BF4A-ED4E-4F39-A310-EF41AA83CA97}.DebugUnicodeThreads|Win32.ActiveCfg = DebugUnicode|Win32
		{C784BF4A-ED4E-4F39-A310-EF41AA83CA97}.Release|Win32.ActiveCfg = Release|Win32
		{C784BF4A-ED4E-4F39-A310-EF41AA83CA97}.ReleaseUnicode|Win32.ActiveCfg = ReleaseUnicode|Win32
		{DC3AE30D-F189-4973-915D-395CFCFB001B}.Debug|Win32.ActiveCfg = Debug|Win32
		{DC3AE30D-F189-4973-915D-395CFCFB001B}.DebugHeap|Win32.ActiveCfg = DebugUnicode|Win32
		{DC3AE30D-F189-4973-915D-395CFCFB001B}.DebugUnicode|Win32.ActiveCfg = DebugUnicode|Win32
		{DC3AE30D-F189-4973-915D-395CFCFB001B}.DebugUnicodeThreads|Win32.ActiveCfg = DebugUnicode|Win32
		{DC3AE30D-F189-4973-915D-395CFCFB001B}.Release|Win32.ActiveCfg = Release|Win32
		{DC3AE30D-F189-4973-915D-395CFCFB001B}.ReleaseUnicode|Win32.ActiveCfg = ReleaseUnicode|Win32
		{DC3AE30D-F189-4973-915D-395CFCFB001B}.ReleaseUnicode|Win32.Build.0 = ReleaseUnicode|Win32
		{21F7A84A-296C-4105-A131-2A7024BC57A2}.Debug|Win32.ActiveCfg = Debug|Win32
		{21F7A84A-296C-4105-A131-2A7024BC57A2}.DebugHeap|Win32.ActiveCfg = DebugUnicode|Win32
		{21F7A84A-296C-4105-A131-2A7024BC57A2}.DebugUnicode|Win32.ActiveCfg = DebugUnicode|Win32
		{21F7A84A-296C-4105-A131-2A7024BC57A2}.DebugUnicodeThreads|Win32.ActiveCfg = DebugUnicode|Win32
		{21F7A84A-296C-4105-A131-2A7024BC57A2}.Release|Win32.ActiveCfg = Release|Win32
		{21F7A84A-296C-4105-A131-2A7024BC57A2}.ReleaseUnicode|Win32.ActiveCfg = ReleaseUnicode|Win32
		{8D46278A-C50E-459F-8C0A-C8312F379852}.Debug|Win32.ActiveCfg = Debug|Win32
		{8D46278A-C50E-459F-8C0A-C8312F379852}.DebugHeap|Win32.ActiveCfg = DebugUnicode|Win32
		{8D46278A-C50E-459F-8C0A-C8312F379852}.DebugUnicode|Win32.ActiveCfg = DebugUnicode|Win32
		{8D46278A-C50E-459F-8C0A-C8312F379852}.DebugUnicodeThreads|Win32.ActiveCfg = DebugUnicode|Win32
		{8D46278A-C50E-459F-8C0A-C8312F379852}.Release|Win32.ActiveCfg = Release|Win32
		{8D46278A-C50E-459F-8C0A-C8312F379852}.ReleaseUnicode|Win32.ActiveCfg = ReleaseUnicode|Win32
		{D5E5E937-3059-4846-B7BF-AAAF344D0FFF}.Debug|Win32.ActiveCfg = Debug|Win32
		{D5E5E937-3059-4846-B7BF-AAAF344D0FFF}.DebugHeap|Win32.ActiveCfg = DebugUnicode|Win32
		{D5E5E937-3059-4846-B7BF-AAAF344D0FFF}.DebugUnicode|Win32.ActiveCfg = DebugUnicode|Win32
		{D5E5E937-3059-4846-B7BF-AAAF344D0FFF}.DebugUnicodeThreads|Win32.ActiveCfg = DebugUnicode|Win32
		{D5E5E937-3059-4846-B7BF-AAAF344D0FFF}.Release|Win32.ActiveCfg = Release|Win32
		{D5E5E937-3059-4846-B7BF-AAAF344D0FFF}.ReleaseUnicode|Win32.ActiveCfg = ReleaseUnicode|Win32
		{B2D45664-4E0F-444B-B806-7AA5B1E8132A}.Debug|Win32.ActiveCfg = Debug|Win32
		{B2D45664-4E0F-444B-B806-7AA5B1E8132A}.DebugHeap|Win32.ActiveCfg = DebugUnicode|Win32
		{B2D45664-4E0F-444B-B806-7AA5B1E8132A}.DebugUnicode|Win32.ActiveCfg = DebugUnicode|Win32
		{B2D45664-4E0F-444B-B806-7AA5B1E8132A}.DebugUnicodeThreads|Win32.ActiveCfg = DebugUnicode|Win32
		{B2D45664-4E0F-444B-B806-7AA5B1E8132A}.Release|Win32.ActiveCfg = Release|Win32
		{B2D45664-4E0F-444B-B806-7AA5B1E8132A}.ReleaseUnicode|Win32.ActiveCfg = ReleaseUnicode|Win32
		{014AD06E-00D4-4639-A445-61697E40DCCC}.Debug|Win32.ActiveCfg = Debug|Win32
		{014AD06E-00D4-4639-A445-61697E40DCCC}.DebugHeap|Win32.ActiveCfg = Debug|Win32
		{014AD06E-00D4-4639-A445-61697E40DCCC}.DebugUnicode|Win32.ActiveCfg = Debug|Win32
		{014AD06E-00D4-4639-A445-61697E40DCCC}.DebugUnicodeThreads|Win32.ActiveCfg = Debug|Win32
		{014AD06E-00D4-4639-A445-61697E40DCCC}.Release|Win32.ActiveCfg = Release|Win32
		{014AD06E-00D4-4639-A445-61697E40DCCC}.ReleaseUnicode|Win32.ActiveCfg = Release|Win32
		{6C692772-3013-4BC7-9F27-976837659553}.Debug|Win32.ActiveCfg = Debug|Win32
		{6C692772-3013-4BC7-9F27-976837659553}.DebugHeap|Win32.ActiveCfg = Debug|Win32
		{6C692772-3013-4BC7-9F27-976837659553}.DebugUnicode|Win32.ActiveCfg = Debug|Win32
		{6C692772-3013-4BC7-9F27-976837659553}.DebugUnicodeThreads|Win32.ActiveCfg = Debug|Win32
		{6C692772-3013-4BC7-9F27-976837659553}.Release|Win32.ActiveCfg = Release|Win32
		{6C692772-3013-4BC7-9F27-976837659553}.ReleaseUnicode|Win32.ActiveCfg = Release|Win32
		{6C692772-3013-4BC7-9F27-976837659553}.ReleaseUnicode|Win32.Build.0 = Release|Win32
		{EE3766CF-110A-4801-947C-6433C7C8A35E}.Debug|Win32.ActiveCfg = Debug|Win32
		{EE3766CF-110A-4801-947C-6433C7C8A35E}.DebugHeap|Win32.ActiveCfg = Debug|Win32
		{EE3766CF-110A-4801-947C-6433C7C8A35E}.DebugUnicode|Win32.ActiveCfg = Debug|Win32
		{EE3766CF-110A-4801-947C-6433C7C8A35E}.DebugUnicodeThreads|Win32.ActiveCfg = Debug|Win32
		{EE3766CF-110A-4801-947C-6433C7C8A35E}.Release|Win32.ActiveCfg = Release|Win32
		{EE3766CF-110A-4801-947C-6433C7C8A35E}.ReleaseUnicode|Win32.ActiveCfg = Release|Win32
		{EE3766CF-110A-4801-947C-6433C7C8A35E}.ReleaseUnicode|Win32.Build.0 = Release|Win32
		{8CD7CA2B-A429-4DD4-AD49-49F614D2C469}.Debug|Win32.ActiveCfg = Debug|Win32
		{8CD7CA2B-A429-4DD4-AD49-49F614D2C469}.DebugHeap|Win32.ActiveCfg = Debug|Win32
		{8CD7CA2B-A429-4DD4-AD49-49F614D2C469}.DebugUnicode|Win32.ActiveCfg = Debug|Win32
		{8CD7CA2B-A429-4DD4-AD49-49F614D2C469}.DebugUnicodeThreads|Win32.ActiveCfg = Debug|Win32
		{8CD7CA2B-A429-4DD4-AD49-49F614D2C469}.Release|Win32.ActiveCfg = Release|Win32
		{8CD7CA2B-A429-4DD4-AD49-49F614D2C469}.ReleaseUnicode|Win32.ActiveCfg = Release|Win32
		{8CD7CA2B-A429-4DD4-AD49-49F614D2C469}.ReleaseUnicode|Win32.Build.0 = Release|Win32
		{B8141779-8283-4FA6-ADCA-EA5D24A4EB70}.Debug|Win32.ActiveCfg = Debug|Win32
		{B8141779-8283-4FA6-ADCA-EA5D24A4EB70}.DebugHeap|Win32.ActiveCfg = Debug|Win32
		{B8141779-8283-4FA6-ADCA-EA5D24A4EB70}.DebugUnicode|Win32.ActiveCfg = Debug|Win32
		{B8141779-8283-4FA6-ADCA-EA5D24A4EB70}.DebugUnicodeThreads|Win32.ActiveCfg = Debug|Win32
		{B8141779-8283-4FA6-ADCA-EA5D24A4EB70}.Release|Win32.ActiveCfg = Release|Win32
		{B8141779-8283-4FA6-ADCA-EA5D24A4EB70}.ReleaseUnicode|Win32.ActiveCfg = Release|Win32
		{B8141779-8283-4FA6-ADCA-EA5D24A4EB70}.ReleaseUnicode|Win32.Build.0 = Release|Win32
		{881B0D42-27A3-43C2-989F-7FA2B3121EF6}.Debug|Win32.ActiveCfg = Debug|Win32
		{881B0D42-27A3-43C2-989F-7FA2B3121EF6}.DebugHeap|Win32.ActiveCfg = DebugUnicode|Win32
		{881B0D42-27A3-43C2-989F-7FA2B3121EF6}.DebugUnicode|Win32.ActiveCfg = DebugUnicode|Win32
		{881B0D42-27A3-43C2-989F-7FA2B3121EF6}.DebugUnicodeThreads|Win32.ActiveCfg = DebugUnicode|Win32
		{881B0D42-27A3-43C2-989F-7FA2B3121EF6}.Release|Win32.ActiveCfg = Release|Win32
		{881B0D42-27A3-43C2-989F-7FA2B3121EF6}.Release|Win32.Build.0 = Release|Win32
		{881B0D42-27A3-43C2-989F-7FA2B3121EF6}.ReleaseUnicode|Win32.ActiveCfg = Release|Win32
		{881B0D42-27A3-43C2-989F-7FA2B3121EF6}.ReleaseUnicode|Win32.Build.0 = Release|Win32
		{4162B3DD-1834-41B9-939E-F6195A875578}.Debug|Win32.ActiveCfg = Debug|Win32
		{4162B3DD-1834-41B9-939E-F6195A875578}.DebugHeap|Win32.ActiveCfg = Debug|Win32
		{4162B3DD-1834-41B9-939E-F6195A875578}.DebugUnicode|Win32.ActiveCfg = Debug|Win32
		{4162B3DD-1834-41B9-939E-F6195A875578}.DebugUnicodeThreads|Win32.ActiveCfg = Debug|Win32
		{4162B3DD-1834-41B9-939E-F6195A875578}.Release|Win32.ActiveCfg = Release|Win32
		{4162B3DD-1834-41B9-939E-F6195A875578}.ReleaseUnicode|Win32.ActiveCfg = Release|Win32
		{4162B3DD-1834-41B9-939E-F6195A875578}.ReleaseUnicode|Win32.Build.0 = Release|Win32
		{F530B4B9-9776-4130-8CFD-B06F1F7D814C}.Debug|Win32.ActiveCfg = Debug|Win32
		{F530B4B9-9776-4130-8CFD-B06F1F7D814C}.DebugHeap|Win32.ActiveCfg = Debug|Win32
		{F530B4B9-9776-4130-8CFD-B06F1F7D814C}.DebugHeap|Win32.Build.0 = Debug|Win32
		{F530B4B9-9776-4130-8CFD-B06F1F7D814C}.DebugUnicode|Win32.ActiveCfg = Debug|Win32
		{F530B4B9-9776-4130-8CFD-B06F1F7D814C}.DebugUnicode|Win32.Build.0 = Debug|Win32
		{F530B4B9-9776-4130-8CFD-B06F1F7D814C}.DebugUnicodeThreads|Win32.ActiveCfg = Debug|Win32
		{F530B4B9-9776-4130-8CFD-B06F1F7D814C}.DebugUnicodeThreads|Win32.Build.0 = Debug|Win32
		{F530B4B9-9776-4130-8CFD-B06F1F7D814C}.Release|Win32.ActiveCfg = Release|Win32
		{F530B4B9-9776-4130-8CFD-B06F1F7D814C}.Release|Win32.Build.0 = Release|Win32
		{F530B4B9-9776-4130-8CFD-B06F1F7D814C}.ReleaseUnicode|Win32.ActiveCfg = Release|Win32
		{F530B4B9-9776-4130-8CFD-B06F1F7D814C}.ReleaseUnicode|Win32.Build.0 = Release|Win32
		{C52017E1-F355-4507-B463-A10778574ADB}.Debug|Win32.ActiveCfg = Debug|Win32
		{C52017E1-F355-4507-B463-A10778574ADB}.DebugHeap|Win32.ActiveCfg = Debug|Win32
		{C52017E1-F355-4507-B463-A10778574ADB}.DebugUnicode|Win32.ActiveCfg = Debug|Win32
		{C52017E1-F355-4507-B463-A10778574ADB}.DebugUnicode|Win32.Build.0 = Debug|Win32
		{C52017E1-F355-4507-B463-A10778574ADB}.DebugUnicodeThreads|Win32.ActiveCfg = Debug|Win32
		{C52017E1-F355-4507-B463-A10778574ADB}.Release|Win32.ActiveCfg = Release|Win32
		{C52017E1-F355-4507-B463-A10778574ADB}.Release|Win32.Build.0 = Release|Win32
		{C52017E1-F355-4507-B463-A10778574ADB}.ReleaseUnicode|Win32.ActiveCfg = Release|Win32
		{C52017E1-F355-4507-B463-A10778574ADB}.ReleaseUnicode|Win32.Build.0 = Release|Win32
		{3FD06460-C646-4F9D-8214-EA14C2BA1A3C}.Debug|Win32.ActiveCfg = Debug|Win32
		{3FD06460-C646-4F9D-8214-EA14C2BA1A3C}.DebugHeap|Win32.ActiveCfg = Debug|Win32
		{3FD06460-C646-4F9D-8214-EA14C2BA1A3C}.DebugUnicode|Win32.ActiveCfg = Debug|Win32
		{3FD06460-C646-4F9D-8214-EA14C2BA1A3C}.DebugUnicodeThreads|Win32.ActiveCfg = Debug|Win32
		{3FD06460-C646-4F9D-8214-EA14C2BA1A3C}.Release|Win32.ActiveCfg = Release|Win32
		{3FD06460-C646-4F9D-8214-EA14C2BA1A3C}.Release|Win32.Build.0 = Release|Win32
		{3FD06460-C646-4F9D-8214-EA14C2BA1A3C}.ReleaseUnicode|Win32.ActiveCfg = Release|Win32
		{3FD06460-C646-4F9D-8214-EA14C2BA1A3C}.ReleaseUnicode|Win32.Build.0 = Release|Win32
		{8A411E44-CC2A-4FBC-B77C-FBC8E066A5C8}.Debug|Win32.ActiveCfg = Debug|Win32
		{8A411E44-CC2A-4FBC-B77C-FBC8E066A5C8}.DebugHeap|Win32.ActiveCfg = DebugUnicode|Win32
		{8A411E44-CC2A-4FBC-B77C-FBC8E066A5C8}.DebugUnicode|Win32.ActiveCfg = DebugUnicode|Win32
		{8A411E44-CC2A-4FBC-B77C-FBC8E066A5C8}.DebugUnicodeThreads|Win32.ActiveCfg = DebugUnicode|Win32
		{8A411E44-CC2A-4FBC-B77C-FBC8E066A5C8}.Release|Win32.ActiveCfg = Release|Win32
		{8A411E44-CC2A-4FBC-B77C-FBC8E066A5C8}.ReleaseUnicode|Win32.ActiveCfg = ReleaseUnicode|Win32
		{D5FFE060-F3B5-4A7C-B0E6-FE2B309CBADC}.Debug|Win32.ActiveCfg = Debug|Win32
		{D5FFE060-F3B5-4A7C-B0E6-FE2B309CBADC}.DebugHeap|Win32.ActiveCfg = Debug|Win32
		{D5FFE060-F3B5-4A7C-B0E6-FE2B309CBADC}.DebugUnicode|Win32.ActiveCfg = Debug|Win32
		{D5FFE060-F3B5-4A7C-B0E6-FE2B309CBADC}.DebugUnicodeThreads|Win32.ActiveCfg = Debug|Win32
		{D5FFE060-F3B5-4A7C-B0E6-FE2B309CBADC}.Release|Win32.ActiveCfg = Release|Win32
		{D5FFE060-F3B5-4A7C-B0E6-FE2B309CBADC}.ReleaseUnicode|Win32.ActiveCfg = Release|Win32
		{53A1E37B-966B-41B8-946F-1DB045BFF362}.Debug|Win32.ActiveCfg = Debug|Win32
		{53A1E37B-966B-41B8-946F-1DB045BFF362}.Debug|Win32.Build.0 = Debug|Win32
		{53A1E37B-966B-41B8-946F-1DB045BFF362}.DebugHeap|Win32.ActiveCfg = DebugHeap|Win32
		{53A1E37B-966B-41B8-946F-1DB045BFF362}.DebugUnicode|Win32.ActiveCfg = DebugUnicode|Win32
		{53A1E37B-966B-41B8-946F-1DB045BFF362}.DebugUnicode|Win32.Build.0 = DebugUnicode|Win32
		{53A1E37B-966B-41B8-946F-1DB045BFF362}.DebugUnicodeThreads|Win32.ActiveCfg = DebugUnicode|Win32
		{53A1E37B-966B-41B8-946F-1DB045BFF362}.Release|Win32.ActiveCfg = Release|Win32
		{53A1E37B-966B-41B8-946F-1DB045BFF362}.Release|Win32.Build.0 = Release|Win32
		{53A1E37B-966B-41B8-946F-1DB045BFF362}.ReleaseUnicode|Win32.ActiveCfg = ReleaseUnicode|Win32
		{53A1E37B-966B-41B8-946F-1DB045BFF362}.ReleaseUnicode|Win32.Build.0 = ReleaseUnicode|Win32
		{6C692772-3013-4BC7-9F27-976837659554}.Debug|Win32.ActiveCfg = Debug|Win32
		{6C692772-3013-4BC7-9F27-976837659554}.DebugHeap|Win32.ActiveCfg = Debug|Win32
		{6C692772-3013-4BC7-9F27-976837659554}.DebugUnicode|Win32.ActiveCfg = Debug|Win32
		{6C692772-3013-4BC7-9F27-976837659554}.DebugUnicodeThreads|Win32.ActiveCfg = Debug|Win32
		{6C692772-3013-4BC7-9F27-976837659554}.Release|Win32.ActiveCfg = Release|Win32
		{6C692772-3013-4BC7-9F27-976837659554}.Release|Win32.Build.0 = Release|Win32
		{6C692772-3013-4BC7-9F27-976837659554}.ReleaseUnicode|Win32.ActiveCfg = Release|Win32
		{6C692772-3013-4BC7-9F27-976837659554}.ReleaseUnicode|Win32.Build.0 = Release|Win32
		{318FF26D-2076-4C3E-9B80-AA4804873990}.Debug|Win32.ActiveCfg = Debug|Win32
		{318FF26D-2076-4C3E-9B80-AA4804873990}.DebugHeap|Win32.ActiveCfg = DebugUnicode|Win32
		{318FF26D-2076-4C3E-9B80-AA4804873990}.DebugUnicode|Win32.ActiveCfg = DebugUnicode|Win32
		{318FF26D-2076-4C3E-9B80-AA4804873990}.DebugUnicodeThreads|Win32.ActiveCfg = DebugUnicode|Win32
		{318FF26D-2076-4C3E-9B80-AA4804873990}.Release|Win32.ActiveCfg = Release|Win32
		{318FF26D-2076-4C3E-9B80-AA4804873990}.Release|Win32.Build.0 = Release|Win32
		{318FF26D-2076-4C3E-9B80-AA4804873990}.ReleaseUnicode|Win32.ActiveCfg = ReleaseUnicode|Win32
		{318FF26D-2076-4C3E-9B80-AA4804873990}.ReleaseUnicode|Win32.Build.0 = ReleaseUnicode|Win32
		{8322DB74-73F3-4001-8A07-E64702E7FB7E}.Debug|Win32.ActiveCfg = Debug|Win32
		{8322DB74-73F3-4001-8A07-E64702E7FB7E}.DebugHeap|Win32.ActiveCfg = Debug|Win32
		{8322DB74-73F3-4001-8A07-E64702E7FB7E}.DebugUnicode|Win32.ActiveCfg = Debug|Win32
		{8322DB74-73F3-4001-8A07-E64702E7FB7E}.DebugUnicodeThreads|Win32.ActiveCfg = Debug|Win32
		{8322DB74-73F3-4001-8A07-E64702E7FB7E}.Release|Win32.ActiveCfg = Release|Win32
		{8322DB74-73F3-4001-8A07-E64702E7FB7E}.Release|Win32.Build.0 = Release|Win32
		{8322DB74-73F3-4001-8A07-E64702E7FB7E}.ReleaseUnicode|Win32.ActiveCfg = Release|Win32
		{8322DB74-73F3-4001-8A07-E64702E7FB7E}.ReleaseUnicode|Win32.Build.0 = Release|Win32
		{D8DDD4E5-C498-4750-8E1B-F2B3D95858A6}.Debug|Win32.ActiveCfg = Debug|Win32
		{D8DDD4E5-C498-4750-8E1B-F2B3D95858A6}.DebugHeap|Win32.ActiveCfg = Debug|Win32
		{D8DDD4E5-C498-4750-8E1B-F2B3D95858A6}.DebugUnicode|Win32.ActiveCfg = Debug|Win32
		{D8DDD4E5-C498-4750-8E1B-F2B3D95858A6}.DebugUnicodeThreads|Win32.ActiveCfg = Debug|Win32
		{D8DDD4E5-C498-4750-8E1B-F2B3D95858A6}.Release|Win32.ActiveCfg = Release|Win32
		{D8DDD4E5-C498-4750-8E1B-F2B3D95858A6}.Release|Win32.Build.0 = Release|Win32
		{D8DDD4E5-C498-4750-8E1B-F2B3D95858A6}.ReleaseUnicode|Win32.ActiveCfg = Release|Win32
		{D8DDD4E5-C498-4750-8E1B-F2B3D95858A6}.ReleaseUnicode|Win32.Build.0 = Release|Win32
		{128282C2-0D42-46A8-A32C-2EAC0068E554}.Debug|Win32.ActiveCfg = Debug|Win32
		{128282C2-0D42-46A8-A32C-2EAC0068E554}.DebugHeap|Win32.ActiveCfg = Debug|Win32
		{128282C2-0D42-46A8-A32C-2EAC0068E554}.DebugUnicode|Win32.ActiveCfg = Debug|Win32
		{128282C2-0D42-46A8-A32C-2EAC0068E554}.DebugUnicodeThreads|Win32.ActiveCfg = Debug|Win32
		{128282C2-0D42-46A8-A32C-2EAC0068E554}.Release|Win32.ActiveCfg = Release|Win32
		{128282C2-0D42-46A8-A32C-2EAC0068E554}.Release|Win32.Build.0 = Release|Win32
		{128282C2-0D42-46A8-A32C-2EAC0068E554}.ReleaseUnicode|Win32.ActiveCfg = Release|Win32
		{128282C2-0D42-46A8-A32C-2EAC0068E554}.ReleaseUnicode|Win32.Build.0 = Release|Win32
		{63D3CDB5-FF88-4AE8-ACE3-E80F72EE7B75}.Debug|Win32.ActiveCfg = Debug|Win32
		{63D3CDB5-FF88-4AE8-ACE3-E80F72EE7B75}.DebugHeap|Win32.ActiveCfg = Debug|Win32
		{63D3CDB5-FF88-4AE8-ACE3-E80F72EE7B75}.DebugUnicode|Win32.ActiveCfg = Debug|Win32
		{63D3CDB5-FF88-4AE8-ACE3-E80F72EE7B75}.DebugUnicodeThreads|Win32.ActiveCfg = Debug|Win32
		{63D3CDB5-FF88-4AE8-ACE3-E80F72EE7B75}.Release|Win32.ActiveCfg = Release|Win32
		{63D3CDB5-FF88-4AE8-ACE3-E80F72EE7B75}.Release|Win32.Build.0 = Release|Win32
		{63D3CDB5-FF88-4AE8-ACE3-E80F72EE7B75}.ReleaseUnicode|Win32.ActiveCfg = Release|Win32
		{63D3CDB5-FF88-4AE8-ACE3-E80F72EE7B75}.ReleaseUnicode|Win32.Build.0 = Release|Win32
		{EB35EE48-8CF4-4B45-8EB7-1B46A2105FB7}.Debug|Win32.ActiveCfg = Debug|Win32
		{EB35EE48-8CF4-4B45-8EB7-1B46A2105FB7}.DebugHeap|Win32.ActiveCfg = Debug|Win32
		{EB35EE48-8CF4-4B45-8EB7-1B46A2105FB7}.DebugUnicode|Win32.ActiveCfg = Debug|Win32
		{EB35EE48-8CF4-4B45-8EB7-1B46A2105FB7}.DebugUnicodeThreads|Win32.ActiveCfg = Debug|Win32
		{EB35EE48-8CF4-4B45-8EB7-1B46A2105FB7}.Release|Win32.ActiveCfg = Release|Win32
		{EB35EE48-8CF4-4B45-8EB7-1B46A2105FB7}.Release|Win32.Build.0 = Release|Win32
		{EB35EE48-8CF4-4B45-8EB7-1B46A2105FB7}.ReleaseUnicode|Win32.ActiveCfg = Release|Win32
		{EB35EE48-8CF4-4B45-8EB7-1B46A2105FB7}.ReleaseUnicode|Win32.Build.0 = Release|Win32
		{7D382D08-D9DD-4A2B-9DAE-1DF86D11CEC3}.Debug|Win32.ActiveCfg = Debug|Win32
		{7D382D08-D9DD-4A2B-9DAE-1DF86D11CEC3}.DebugHeap|Win32.ActiveCfg = Debug|Win32
		{7D382D08-D9DD-4A2B-9DAE-1DF86D11CEC3}.DebugHeap|Win32.Build.0 = Debug|Win32
		{7D382D08-D9DD-4A2B-9DAE-1DF86D11CEC3}.DebugUnicode|Win32.ActiveCfg = Debug|Win32
		{7D382D08-D9DD-4A2B-9DAE-1DF86D11CEC3}.DebugUnicode|Win32.Build.0 = Debug|Win32
		{7D382D08-D9DD-4A2B-9DAE-1DF86D11CEC3}.DebugUnicodeThreads|Win32.ActiveCfg = Debug|Win32
		{7D382D08-D9DD-4A2B-9DAE-1DF86D11CEC3}.DebugUnicodeThreads|Win32.Build.0 = Debug|Win32
		{7D382D08-D9DD-4A2B-9DAE-1DF86D11CEC3}.Release|Win32.ActiveCfg = Release|Win32
		{7D382D08-D9DD-4A2B-9DAE-1DF86D11CEC3}.Release|Win32.Build.0 = Release|Win32
		{7D382D08-D9DD-4A2B-9DAE-1DF86D11CEC3}.ReleaseUnicode|Win32.ActiveCfg = Release|Win32
		{7D382D08-D9DD-4A2B-9DAE-1DF86D11CEC3}.ReleaseUnicode|Win32.Build.0 = Release|Win32
		{1DA096C6-8AA6-426F-B99E-B334F4DE5E8C}.Debug|Win32.ActiveCfg = Debug|Win32
		{1DA096C6-8AA6-426F-B99E-B334F4DE5E8C}.DebugHeap|Win32.ActiveCfg = Debug|Win32
		{1DA096C6-8AA6-426F-B99E-B334F4DE5E8C}.DebugHeap|Win32.Build.0 = Debug|Win32
		{1DA096C6-8AA6-426F-B99E-B334F4DE5E8C}.DebugUnicode|Win32.ActiveCfg = Debug|Win32
		{1DA096C6-8AA6-426F-B99E-B334F4DE5E8C}.DebugUnicode|Win32.Build.0 = Debug|Win32
		{1DA096C6-8AA6-426F-B99E-B334F4DE5E8C}.DebugUnicodeThreads|Win32.ActiveCfg = Debug|Win32
		{1DA096C6-8AA6-426F-B99E-B334F4DE5E8C}.DebugUnicodeThreads|Win32.Build.0 = Debug|Win32
		{1DA096C6-8AA6-426F-B99E-B334F4DE5E8C}.Release|Win32.ActiveCfg = Release|Win32
		{1DA096C6-8AA6-426F-B99E-B334F4DE5E8C}.Release|Win32.Build.0 = Release|Win32
		{1DA096C6-8AA6-426F-B99E-B334F4DE5E8C}.ReleaseUnicode|Win32.ActiveCfg = Release|Win32
		{1DA096C6-8AA6-426F-B99E-B334F4DE5E8C}.ReleaseUnicode|Win32.Build.0 = Release|Win32
		{23EFE810-FF52-4E6E-AFAA-2C0AA6E66941}.Debug|Win32.ActiveCfg = Debug|.NET
		{23EFE810-FF52-4E6E-AFAA-2C0AA6E66941}.DebugHeap|Win32.ActiveCfg = Debug|.NET
		{23EFE810-FF52-4E6E-AFAA-2C0AA6E66941}.DebugUnicode|Win32.ActiveCfg = Debug|.NET
		{23EFE810-FF52-4E6E-AFAA-2C0AA6E66941}.DebugUnicodeThreads|Win32.ActiveCfg = Debug|.NET
		{23EFE810-FF52-4E6E-AFAA-2C0AA6E66941}.Release|Win32.ActiveCfg = Release|.NET
		{23EFE810-FF52-4E6E-AFAA-2C0AA6E66941}.ReleaseUnicode|Win32.ActiveCfg = Release|.NET
		{69AD6BC8-9A9F-4384-B08D-0297E625A733}.Debug|Win32.ActiveCfg = Debug|Win32
		{69AD6BC8-9A9F-4384-B08D-0297E625A733}.DebugHeap|Win32.ActiveCfg = Debug|Win32
		{69AD6BC8-9A9F-4384-B08D-0297E625A733}.DebugHeap|Win32.Build.0 = Debug|Win32
		{69AD6BC8-9A9F-4384-B08D-0297E625A733}.DebugUnicode|Win32.ActiveCfg = Debug|Win32
		{69AD6BC8-9A9F-4384-B08D-0297E625A733}.DebugUnicode|Win32.Build.0 = Debug|Win32
		{69AD6BC8-9A9F-4384-B08D-0297E625A733}.DebugUnicodeThreads|Win32.ActiveCfg = Debug|Win32
		{69AD6BC8-9A9F-4384-B08D-0297E625A733}.DebugUnicodeThreads|Win32.Build.0 = Debug|Win32
		{69AD6BC8-9A9F-4384-B08D-0297E625A733}.Release|Win32.ActiveCfg = Release|Win32
		{69AD6BC8-9A9F-4384-B08D-0297E625A733}.Release|Win32.Build.0 = Release|Win32
		{69AD6BC8-9A9F-4384-B08D-0297E625A733}.ReleaseUnicode|Win32.ActiveCfg = Release|Win32
		{69AD6BC8-9A9F-4384-B08D-0297E625A733}.ReleaseUnicode|Win32.Build.0 = Release|Win32
		{AF7444A4-F95D-4933-AF59-A5D1C0015C74}.Debug|Win32.ActiveCfg = Debug|Win32
		{AF7444A4-F95D-4933-AF59-A5D1C0015C74}.DebugHeap|Win32.ActiveCfg = Debug|Win32
		{AF7444A4-F95D-4933-AF59-A5D1C0015C74}.DebugUnicode|Win32.ActiveCfg = Debug|Win32
		{AF7444A4-F95D-4933-AF59-A5D1C0015C74}.DebugUnicodeThreads|Win32.ActiveCfg = Debug|Win32
		{AF7444A4-F95D-4933-AF59-A5D1C0015C74}.Release|Win32.ActiveCfg = Release|Win32
		{AF7444A4-F95D-4933-AF59-A5D1C0015C74}.ReleaseUnicode|Win32.ActiveCfg = Release|Win32
		{6ACD4F68-541B-4C41-BD95-0D5DB25C09BE}.Debug|Win32.ActiveCfg = Debug|Win32
		{6ACD4F68-541B-4C41-BD95-0D5DB25C09BE}.DebugHeap|Win32.ActiveCfg = Debug|Win32
		{6ACD4F68-541B-4C41-BD95-0D5DB25C09BE}.DebugHeap|Win32.Build.0 = Debug|Win32
		{6ACD4F68-541B-4C41-BD95-0D5DB25C09BE}.DebugUnicode|Win32.ActiveCfg = Debug|Win32
		{6ACD4F68-541B-4C41-BD95-0D5DB25C09BE}.DebugUnicode|Win32.Build.0 = Debug|Win32
		{6ACD4F68-541B-4C41-BD95-0D5DB25C09BE}.DebugUnicodeThreads|Win32.ActiveCfg = Debug|Win32
		{6ACD4F68-541B-4C41-BD95-0D5DB25C09BE}.DebugUnicodeThreads|Win32.Build.0 = Debug|Win32
		{6ACD4F68-541B-4C41-BD95-0D5DB25C09BE}.Release|Win32.ActiveCfg = Release|Win32
		{6ACD4F68-541B-4C41-BD95-0D5DB25C09BE}.Release|Win32.Build.0 = Release|Win32
		{6ACD4F68-541B-4C41-BD95-0D5DB25C09BE}.ReleaseUnicode|Win32.ActiveCfg = Release|Win32
		{6ACD4F68-541B-4C41-BD95-0D5DB25C09BE}.ReleaseUnicode|Win32.Build.0 = Release|Win32
		{85B25795-C378-4193-BE88-23868CA4704E}.Debug|Win32.ActiveCfg = Debug|Win32
		{85B25795-C378-4193-BE88-23868CA4704E}.DebugHeap|Win32.ActiveCfg = Debug|Win32
		{85B25795-C378-4193-BE88-23868CA4704E}.DebugHeap|Win32.Build.0 = Debug|Win32
		{85B25795-C378-4193-BE88-23868CA4704E}.DebugUnicode|Win32.ActiveCfg = Debug|Win32
		{85B25795-C378-4193-BE88-23868CA4704E}.DebugUnicode|Win32.Build.0 = Debug|Win32
		{85B25795-C378-4193-BE88-23868CA4704E}.DebugUnicodeThreads|Win32.ActiveCfg = Debug|Win32
		{85B25795-C378-4193-BE88-23868CA4704E}.DebugUnicodeThreads|Win32.Build.0 = Debug|Win32
		{85B25795-C378-4193-BE88-23868CA4704E}.Release|Win32.ActiveCfg = Release|Win32
		{85B25795-C378-4193-BE88-23868CA4704E}.Release|Win32.Build.0 = Release|Win32
		{85B25795-C378-4193-BE88-23868CA4704E}.ReleaseUnicode|Win32.ActiveCfg = Release|Win32
		{85B25795-C378-4193-BE88-23868CA4704E}.ReleaseUnicode|Win32.Build.0 = Release|Win32
	EndGlobalSection
	GlobalSection(SolutionProperties) = preSolution
		HideSolutionNode = FALSE
	EndGlobalSection
	GlobalSection(DPCodeReviewSolutionGUID) = preSolution
		DPCodeReviewSolutionGUID = {00000000-0000-0000-0000-000000000000}
	EndGlobalSection
EndGlobal
