
Microsoft Visual Studio Solution File, Format Version 9.00
# Visual Studio 2005
Project("{8BC9CEB8-8B4A-11D0-8D11-00A0C91BC942}") = "Calculator", "Calculator\Calculator.vcproj", "{BF27DC26-B4E1-40C0-B241-F2B346BFF0D4}"
	ProjectSection(ProjectDependencies) = postProject
		{EC35D8D3-4A1C-48EF-88A6-3782A59FD5AF} = {EC35D8D3-4A1C-48EF-88A6-3782A59FD5AF}
	EndProjectSection
EndProject
Project("{8BC9CEB8-8B4A-11D0-8D11-00A0C91BC942}") = "AddressBook", "AddressBook\AddressBook.vcproj", "{346B0483-30D3-4BE8-967B-8327FA54CE38}"
	ProjectSection(ProjectDependencies) = postProject
		{EC35D8D3-4A1C-48EF-88A6-3782A59FD5AF} = {EC35D8D3-4A1C-48EF-88A6-3782A59FD5AF}
	EndProjectSection
EndProject
Project("{8BC9CEB8-8B4A-11D0-8D11-00A0C91BC942}") = "HelloSmartWin", "HelloSmartWin\HelloSmartWin.vcproj", "{2B2962BC-F678-407B-AA17-4D1719EE8CB3}"
	ProjectSection(ProjectDependencies) = postProject
		{EC35D8D3-4A1C-48EF-88A6-3782A59FD5AF} = {EC35D8D3-4A1C-48EF-88A6-3782A59FD5AF}
	EndProjectSection
EndProject
Project("{8BC9CEB8-8B4A-11D0-8D11-00A0C91BC942}") = "SmartWinDevices", "..\..\..\SmartWinDevices.vcproj", "{EC35D8D3-4A1C-48EF-88A6-3782A59FD5AF}"
EndProject
Project("{8BC9CEB8-8B4A-11D0-8D11-00A0C91BC942}") = "SampleWidgets", "SampleWidgets\SampleWidgets.vcproj", "{867B1593-AC6C-4228-B8A7-ED9AB31BD358}"
	ProjectSection(ProjectDependencies) = postProject
		{EC35D8D3-4A1C-48EF-88A6-3782A59FD5AF} = {EC35D8D3-4A1C-48EF-88A6-3782A59FD5AF}
	EndProjectSection
EndProject
Project("{8BC9CEB8-8B4A-11D0-8D11-00A0C91BC942}") = "SmartSOAPGoogleAPITester", "SmartSOAPGoogleAPITester\SmartSOAPGoogleAPITester.vcproj", "{09D93419-6043-416B-ACBD-CA1F52F707D3}"
	ProjectSection(ProjectDependencies) = postProject
		{94B66A97-D6D7-43ED-B206-BD097570A3E6} = {94B66A97-D6D7-43ED-B206-BD097570A3E6}
		{EC35D8D3-4A1C-48EF-88A6-3782A59FD5AF} = {EC35D8D3-4A1C-48EF-88A6-3782A59FD5AF}
	EndProjectSection
EndProject
Project("{8BC9CEB8-8B4A-11D0-8D11-00A0C91BC942}") = "SmartSOAPDevices", "..\..\..\SmartSOAP\SmartSOAP\SmartSOAPDevices.vcproj", "{94B66A97-D6D7-43ED-B206-BD097570A3E6}"
EndProject
Global
	GlobalSection(SolutionConfigurationPlatforms) = preSolution
		Debug|Pocket PC 2003 (ARMV4) = Debug|Pocket PC 2003 (ARMV4)
		Debug|Win32 = Debug|Win32
		Debug|Windows Mobile 5.0 Pocket PC SDK (ARMV4I) = Debug|Windows Mobile 5.0 Pocket PC SDK (ARMV4I)
		Release|Pocket PC 2003 (ARMV4) = Release|Pocket PC 2003 (ARMV4)
		Release|Win32 = Release|Win32
		Release|Windows Mobile 5.0 Pocket PC SDK (ARMV4I) = Release|Windows Mobile 5.0 Pocket PC SDK (ARMV4I)
	EndGlobalSection
	GlobalSection(ProjectConfigurationPlatforms) = postSolution
		{BF27DC26-B4E1-40C0-B241-F2B346BFF0D4}.Debug|Pocket PC 2003 (ARMV4).ActiveCfg = Debug|Pocket PC 2003 (ARMV4)
		{BF27DC26-B4E1-40C0-B241-F2B346BFF0D4}.Debug|Win32.ActiveCfg = Debug|Win32
		{BF27DC26-B4E1-40C0-B241-F2B346BFF0D4}.Debug|Win32.Build.0 = Debug|Win32
		{BF27DC26-B4E1-40C0-B241-F2B346BFF0D4}.Debug|Windows Mobile 5.0 Pocket PC SDK (ARMV4I).ActiveCfg = Debug|Win32
		{BF27DC26-B4E1-40C0-B241-F2B346BFF0D4}.Release|Pocket PC 2003 (ARMV4).ActiveCfg = Release|Pocket PC 2003 (ARMV4)
		{BF27DC26-B4E1-40C0-B241-F2B346BFF0D4}.Release|Win32.ActiveCfg = Release|Win32
		{BF27DC26-B4E1-40C0-B241-F2B346BFF0D4}.Release|Win32.Build.0 = Release|Win32
		{BF27DC26-B4E1-40C0-B241-F2B346BFF0D4}.Release|Windows Mobile 5.0 Pocket PC SDK (ARMV4I).ActiveCfg = Release|Win32
		{346B0483-30D3-4BE8-967B-8327FA54CE38}.Debug|Pocket PC 2003 (ARMV4).ActiveCfg = Debug|Pocket PC 2003 (ARMV4)
		{346B0483-30D3-4BE8-967B-8327FA54CE38}.Debug|Win32.ActiveCfg = Debug|Pocket PC 2003 (ARMV4)
		{346B0483-30D3-4BE8-967B-8327FA54CE38}.Debug|Windows Mobile 5.0 Pocket PC SDK (ARMV4I).ActiveCfg = Debug|Pocket PC 2003 (ARMV4)
		{346B0483-30D3-4BE8-967B-8327FA54CE38}.Release|Pocket PC 2003 (ARMV4).ActiveCfg = Release|Pocket PC 2003 (ARMV4)
		{346B0483-30D3-4BE8-967B-8327FA54CE38}.Release|Pocket PC 2003 (ARMV4).Build.0 = Release|Pocket PC 2003 (ARMV4)
		{346B0483-30D3-4BE8-967B-8327FA54CE38}.Release|Pocket PC 2003 (ARMV4).Deploy.0 = Release|Pocket PC 2003 (ARMV4)
		{346B0483-30D3-4BE8-967B-8327FA54CE38}.Release|Win32.ActiveCfg = Release|Pocket PC 2003 (ARMV4)
		{346B0483-30D3-4BE8-967B-8327FA54CE38}.Release|Windows Mobile 5.0 Pocket PC SDK (ARMV4I).ActiveCfg = Release|Pocket PC 2003 (ARMV4)
		{2B2962BC-F678-407B-AA17-4D1719EE8CB3}.Debug|Pocket PC 2003 (ARMV4).ActiveCfg = Debug|Pocket PC 2003 (ARMV4)
		{2B2962BC-F678-407B-AA17-4D1719EE8CB3}.Debug|Win32.ActiveCfg = Debug|Pocket PC 2003 (ARMV4)
		{2B2962BC-F678-407B-AA17-4D1719EE8CB3}.Debug|Windows Mobile 5.0 Pocket PC SDK (ARMV4I).ActiveCfg = Debug|Pocket PC 2003 (ARMV4)
		{2B2962BC-F678-407B-AA17-4D1719EE8CB3}.Release|Pocket PC 2003 (ARMV4).ActiveCfg = Release|Pocket PC 2003 (ARMV4)
		{2B2962BC-F678-407B-AA17-4D1719EE8CB3}.Release|Win32.ActiveCfg = Release|Pocket PC 2003 (ARMV4)
		{2B2962BC-F678-407B-AA17-4D1719EE8CB3}.Release|Windows Mobile 5.0 Pocket PC SDK (ARMV4I).ActiveCfg = Release|Pocket PC 2003 (ARMV4)
		{EC35D8D3-4A1C-48EF-88A6-3782A59FD5AF}.Debug|Pocket PC 2003 (ARMV4).ActiveCfg = Debug|Pocket PC 2003 (ARMV4)
		{EC35D8D3-4A1C-48EF-88A6-3782A59FD5AF}.Debug|Pocket PC 2003 (ARMV4).Build.0 = Debug|Pocket PC 2003 (ARMV4)
		{EC35D8D3-4A1C-48EF-88A6-3782A59FD5AF}.Debug|Win32.ActiveCfg = Debug|Pocket PC 2003 (ARMV4)
		{EC35D8D3-4A1C-48EF-88A6-3782A59FD5AF}.Debug|Windows Mobile 5.0 Pocket PC SDK (ARMV4I).ActiveCfg = Debug|Windows Mobile 5.0 Pocket PC SDK (ARMV4I)
		{EC35D8D3-4A1C-48EF-88A6-3782A59FD5AF}.Debug|Windows Mobile 5.0 Pocket PC SDK (ARMV4I).Build.0 = Debug|Windows Mobile 5.0 Pocket PC SDK (ARMV4I)
		{EC35D8D3-4A1C-48EF-88A6-3782A59FD5AF}.Debug|Windows Mobile 5.0 Pocket PC SDK (ARMV4I).Deploy.0 = Debug|Windows Mobile 5.0 Pocket PC SDK (ARMV4I)
		{EC35D8D3-4A1C-48EF-88A6-3782A59FD5AF}.Release|Pocket PC 2003 (ARMV4).ActiveCfg = Release|Pocket PC 2003 (ARMV4)
		{EC35D8D3-4A1C-48EF-88A6-3782A59FD5AF}.Release|Pocket PC 2003 (ARMV4).Build.0 = Release|Pocket PC 2003 (ARMV4)
		{EC35D8D3-4A1C-48EF-88A6-3782A59FD5AF}.Release|Win32.ActiveCfg = Release|Windows Mobile 5.0 Pocket PC SDK (ARMV4I)
		{EC35D8D3-4A1C-48EF-88A6-3782A59FD5AF}.Release|Windows Mobile 5.0 Pocket PC SDK (ARMV4I).ActiveCfg = Release|Windows Mobile 5.0 Pocket PC SDK (ARMV4I)
		{EC35D8D3-4A1C-48EF-88A6-3782A59FD5AF}.Release|Windows Mobile 5.0 Pocket PC SDK (ARMV4I).Build.0 = Release|Windows Mobile 5.0 Pocket PC SDK (ARMV4I)
		{EC35D8D3-4A1C-48EF-88A6-3782A59FD5AF}.Release|Windows Mobile 5.0 Pocket PC SDK (ARMV4I).Deploy.0 = Release|Windows Mobile 5.0 Pocket PC SDK (ARMV4I)
		{867B1593-AC6C-4228-B8A7-ED9AB31BD358}.Debug|Pocket PC 2003 (ARMV4).ActiveCfg = Debug|Pocket PC 2003 (ARMV4)
		{867B1593-AC6C-4228-B8A7-ED9AB31BD358}.Debug|Win32.ActiveCfg = Debug|Pocket PC 2003 (ARMV4)
		{867B1593-AC6C-4228-B8A7-ED9AB31BD358}.Debug|Windows Mobile 5.0 Pocket PC SDK (ARMV4I).ActiveCfg = Debug|Pocket PC 2003 (ARMV4)
		{867B1593-AC6C-4228-B8A7-ED9AB31BD358}.Release|Pocket PC 2003 (ARMV4).ActiveCfg = Release|Pocket PC 2003 (ARMV4)
		{867B1593-AC6C-4228-B8A7-ED9AB31BD358}.Release|Win32.ActiveCfg = Release|Pocket PC 2003 (ARMV4)
		{867B1593-AC6C-4228-B8A7-ED9AB31BD358}.Release|Windows Mobile 5.0 Pocket PC SDK (ARMV4I).ActiveCfg = Release|Pocket PC 2003 (ARMV4)
		{09D93419-6043-416B-ACBD-CA1F52F707D3}.Debug|Pocket PC 2003 (ARMV4).ActiveCfg = Debug|Pocket PC 2003 (ARMV4)
		{09D93419-6043-416B-ACBD-CA1F52F707D3}.Debug|Pocket PC 2003 (ARMV4).Build.0 = Debug|Pocket PC 2003 (ARMV4)
		{09D93419-6043-416B-ACBD-CA1F52F707D3}.Debug|Pocket PC 2003 (ARMV4).Deploy.0 = Debug|Pocket PC 2003 (ARMV4)
		{09D93419-6043-416B-ACBD-CA1F52F707D3}.Debug|Win32.ActiveCfg = Debug|Pocket PC 2003 (ARMV4)
		{09D93419-6043-416B-ACBD-CA1F52F707D3}.Debug|Windows Mobile 5.0 Pocket PC SDK (ARMV4I).ActiveCfg = Debug|Pocket PC 2003 (ARMV4)
		{09D93419-6043-416B-ACBD-CA1F52F707D3}.Release|Pocket PC 2003 (ARMV4).ActiveCfg = Release|Pocket PC 2003 (ARMV4)
		{09D93419-6043-416B-ACBD-CA1F52F707D3}.Release|Pocket PC 2003 (ARMV4).Build.0 = Release|Pocket PC 2003 (ARMV4)
		{09D93419-6043-416B-ACBD-CA1F52F707D3}.Release|Pocket PC 2003 (ARMV4).Deploy.0 = Release|Pocket PC 2003 (ARMV4)
		{09D93419-6043-416B-ACBD-CA1F52F707D3}.Release|Win32.ActiveCfg = Release|Pocket PC 2003 (ARMV4)
		{09D93419-6043-416B-ACBD-CA1F52F707D3}.Release|Windows Mobile 5.0 Pocket PC SDK (ARMV4I).ActiveCfg = Release|Pocket PC 2003 (ARMV4)
		{94B66A97-D6D7-43ED-B206-BD097570A3E6}.Debug|Pocket PC 2003 (ARMV4).ActiveCfg = Debug|Pocket PC 2003 (ARMV4)
		{94B66A97-D6D7-43ED-B206-BD097570A3E6}.Debug|Pocket PC 2003 (ARMV4).Build.0 = Debug|Pocket PC 2003 (ARMV4)
		{94B66A97-D6D7-43ED-B206-BD097570A3E6}.Debug|Win32.ActiveCfg = Debug|Windows Mobile 5.0 Pocket PC SDK (ARMV4I)
		{94B66A97-D6D7-43ED-B206-BD097570A3E6}.Debug|Windows Mobile 5.0 Pocket PC SDK (ARMV4I).ActiveCfg = Debug|Windows Mobile 5.0 Pocket PC SDK (ARMV4I)
		{94B66A97-D6D7-43ED-B206-BD097570A3E6}.Debug|Windows Mobile 5.0 Pocket PC SDK (ARMV4I).Build.0 = Debug|Windows Mobile 5.0 Pocket PC SDK (ARMV4I)
		{94B66A97-D6D7-43ED-B206-BD097570A3E6}.Debug|Windows Mobile 5.0 Pocket PC SDK (ARMV4I).Deploy.0 = Debug|Windows Mobile 5.0 Pocket PC SDK (ARMV4I)
		{94B66A97-D6D7-43ED-B206-BD097570A3E6}.Release|Pocket PC 2003 (ARMV4).ActiveCfg = Release|Pocket PC 2003 (ARMV4)
		{94B66A97-D6D7-43ED-B206-BD097570A3E6}.Release|Pocket PC 2003 (ARMV4).Build.0 = Release|Pocket PC 2003 (ARMV4)
		{94B66A97-D6D7-43ED-B206-BD097570A3E6}.Release|Pocket PC 2003 (ARMV4).Deploy.0 = Release|Pocket PC 2003 (ARMV4)
		{94B66A97-D6D7-43ED-B206-BD097570A3E6}.Release|Win32.ActiveCfg = Release|Windows Mobile 5.0 Pocket PC SDK (ARMV4I)
		{94B66A97-D6D7-43ED-B206-BD097570A3E6}.Release|Windows Mobile 5.0 Pocket PC SDK (ARMV4I).ActiveCfg = Release|Windows Mobile 5.0 Pocket PC SDK (ARMV4I)
		{94B66A97-D6D7-43ED-B206-BD097570A3E6}.Release|Windows Mobile 5.0 Pocket PC SDK (ARMV4I).Build.0 = Release|Windows Mobile 5.0 Pocket PC SDK (ARMV4I)
		{94B66A97-D6D7-43ED-B206-BD097570A3E6}.Release|Windows Mobile 5.0 Pocket PC SDK (ARMV4I).Deploy.0 = Release|Windows Mobile 5.0 Pocket PC SDK (ARMV4I)
	EndGlobalSection
	GlobalSection(SolutionProperties) = preSolution
		HideSolutionNode = FALSE
	EndGlobalSection
EndGlobal
